// !$*UTF8*$!
{
	archiveVersion = 1;
	classes = {
	};
	objectVersion = 50;
	objects = {

/* Begin PBXBuildFile section */
		7608475A2312AD3000FEF859 /* AppDelegate.swift in Sources */ = {isa = PBXBuildFile; fileRef = 760847592312AD3000FEF859 /* AppDelegate.swift */; };
		7608475C2312AD3000FEF859 /* ViewController.swift in Sources */ = {isa = PBXBuildFile; fileRef = 7608475B2312AD3000FEF859 /* ViewController.swift */; };
		7608475F2312AD3000FEF859 /* Main.storyboard in Resources */ = {isa = PBXBuildFile; fileRef = 7608475D2312AD3000FEF859 /* Main.storyboard */; };
		760847612312AD3200FEF859 /* Assets.xcassets in Resources */ = {isa = PBXBuildFile; fileRef = 760847602312AD3200FEF859 /* Assets.xcassets */; };
		760847642312AD3200FEF859 /* LaunchScreen.storyboard in Resources */ = {isa = PBXBuildFile; fileRef = 760847622312AD3200FEF859 /* LaunchScreen.storyboard */; };
		7608476F2312AD3200FEF859 /* ManoexpandableSectionsTests.swift in Sources */ = {isa = PBXBuildFile; fileRef = 7608476E2312AD3200FEF859 /* ManoexpandableSectionsTests.swift */; };
		7608477A2312AD3200FEF859 /* ManoexpandableSectionsUITests.swift in Sources */ = {isa = PBXBuildFile; fileRef = 760847792312AD3200FEF859 /* ManoexpandableSectionsUITests.swift */; };
/* End PBXBuildFile section */

/* Begin PBXContainerItemProxy section */
		7608476B2312AD3200FEF859 /* PBXContainerItemProxy */ = {
			isa = PBXContainerItemProxy;
			containerPortal = 7608474E2312AD3000FEF859 /* Project object */;
			proxyType = 1;
			remoteGlobalIDString = 760847552312AD3000FEF859;
			remoteInfo = ManoexpandableSections;
		};
		760847762312AD3200FEF859 /* PBXContainerItemProxy */ = {
			isa = PBXContainerItemProxy;
			containerPortal = 7608474E2312AD3000FEF859 /* Project object */;
			proxyType = 1;
			remoteGlobalIDString = 760847552312AD3000FEF859;
			remoteInfo = ManoexpandableSections;
		};
/* End PBXContainerItemProxy section */

/* Begin PBXFileReference section */
		760847562312AD3000FEF859 /* ManoexpandableSections.app */ = {isa = PBXFileReference; explicitFileType = wrapper.application; includeInIndex = 0; path = ManoexpandableSections.app; sourceTree = BUILT_PRODUCTS_DIR; };
		760847592312AD3000FEF859 /* AppDelegate.swift */ = {isa = PBXFileReference; lastKnownFileType = sourcecode.swift; path = AppDelegate.swift; sourceTree = "<group>"; };
		7608475B2312AD3000FEF859 /* ViewController.swift */ = {isa = PBXFileReference; lastKnownFileType = sourcecode.swift; path = ViewController.swift; sourceTree = "<group>"; };
		7608475E2312AD3000FEF859 /* Base */ = {isa = PBXFileReference; lastKnownFileType = file.storyboard; name = Base; path = Base.lproj/Main.storyboard; sourceTree = "<group>"; };
		760847602312AD3200FEF859 /* Assets.xcassets */ = {isa = PBXFileReference; lastKnownFileType = folder.assetcatalog; path = Assets.xcassets; sourceTree = "<group>"; };
		760847632312AD3200FEF859 /* Base */ = {isa = PBXFileReference; lastKnownFileType = file.storyboard; name = Base; path = Base.lproj/LaunchScreen.storyboard; sourceTree = "<group>"; };
		760847652312AD3200FEF859 /* Info.plist */ = {isa = PBXFileReference; lastKnownFileType = text.plist.xml; path = Info.plist; sourceTree = "<group>"; };
		7608476A2312AD3200FEF859 /* ManoexpandableSectionsTests.xctest */ = {isa = PBXFileReference; explicitFileType = wrapper.cfbundle; includeInIndex = 0; path = ManoexpandableSectionsTests.xctest; sourceTree = BUILT_PRODUCTS_DIR; };
		7608476E2312AD3200FEF859 /* ManoexpandableSectionsTests.swift */ = {isa = PBXFileReference; lastKnownFileType = sourcecode.swift; path = ManoexpandableSectionsTests.swift; sourceTree = "<group>"; };
		760847702312AD3200FEF859 /* Info.plist */ = {isa = PBXFileReference; lastKnownFileType = text.plist.xml; path = Info.plist; sourceTree = "<group>"; };
		760847752312AD3200FEF859 /* ManoexpandableSectionsUITests.xctest */ = {isa = PBXFileReference; explicitFileType = wrapper.cfbundle; includeInIndex = 0; path = ManoexpandableSectionsUITests.xctest; sourceTree = BUILT_PRODUCTS_DIR; };
		760847792312AD3200FEF859 /* ManoexpandableSectionsUITests.swift */ = {isa = PBXFileReference; lastKnownFileType = sourcecode.swift; path = ManoexpandableSectionsUITests.swift; sourceTree = "<group>"; };
		7608477B2312AD3200FEF859 /* Info.plist */ = {isa = PBXFileReference; lastKnownFileType = text.plist.xml; path = Info.plist; sourceTree = "<group>"; };
/* End PBXFileReference section */

/* Begin PBXFrameworksBuildPhase section */
		760847532312AD3000FEF859 /* Frameworks */ = {
			isa = PBXFrameworksBuildPhase;
			buildActionMask = 2147483647;
			files = (
			);
			runOnlyForDeploymentPostprocessing = 0;
		};
		760847672312AD3200FEF859 /* Frameworks */ = {
			isa = PBXFrameworksBuildPhase;
			buildActionMask = 2147483647;
			files = (
			);
			runOnlyForDeploymentPostprocessing = 0;
		};
		760847722312AD3200FEF859 /* Frameworks */ = {
			isa = PBXFrameworksBuildPhase;
			buildActionMask = 2147483647;
			files = (
			);
			runOnlyForDeploymentPostprocessing = 0;
		};
/* End PBXFrameworksBuildPhase section */

/* Begin PBXGroup section */
		7608474D2312AD3000FEF859 = {
			isa = PBXGroup;
			children = (
				760847582312AD3000FEF859 /* ManoexpandableSections */,
				7608476D2312AD3200FEF859 /* ManoexpandableSectionsTests */,
				760847782312AD3200FEF859 /* ManoexpandableSectionsUITests */,
				760847572312AD3000FEF859 /* Products */,
			);
			sourceTree = "<group>";
		};
		760847572312AD3000FEF859 /* Products */ = {
			isa = PBXGroup;
			children = (
				760847562312AD3000FEF859 /* ManoexpandableSections.app */,
				7608476A2312AD3200FEF859 /* ManoexpandableSectionsTests.xctest */,
				760847752312AD3200FEF859 /* ManoexpandableSectionsUITests.xctest */,
			);
			name = Products;
			sourceTree = "<group>";
		};
		760847582312AD3000FEF859 /* ManoexpandableSections */ = {
			isa = PBXGroup;
			children = (
				760847592312AD3000FEF859 /* AppDelegate.swift */,
				7608475B2312AD3000FEF859 /* ViewController.swift */,
				7608475D2312AD3000FEF859 /* Main.storyboard */,
				760847602312AD3200FEF859 /* Assets.xcassets */,
				760847622312AD3200FEF859 /* LaunchScreen.storyboard */,
				760847652312AD3200FEF859 /* Info.plist */,
			);
			path = ManoexpandableSections;
			sourceTree = "<group>";
		};
		7608476D2312AD3200FEF859 /* ManoexpandableSectionsTests */ = {
			isa = PBXGroup;
			children = (
				7608476E2312AD3200FEF859 /* ManoexpandableSectionsTests.swift */,
				760847702312AD3200FEF859 /* Info.plist */,
			);
			path = ManoexpandableSectionsTests;
			sourceTree = "<group>";
		};
		760847782312AD3200FEF859 /* ManoexpandableSectionsUITests */ = {
			isa = PBXGroup;
			children = (
				760847792312AD3200FEF859 /* ManoexpandableSectionsUITests.swift */,
				7608477B2312AD3200FEF859 /* Info.plist */,
			);
			path = ManoexpandableSectionsUITests;
			sourceTree = "<group>";
		};
/* End PBXGroup section */

/* Begin PBXNativeTarget section */
		760847552312AD3000FEF859 /* ManoexpandableSections */ = {
			isa = PBXNativeTarget;
			buildConfigurationList = 7608477E2312AD3200FEF859 /* Build configuration list for PBXNativeTarget "ManoexpandableSections" */;
			buildPhases = (
				760847522312AD3000FEF859 /* Sources */,
				760847532312AD3000FEF859 /* Frameworks */,
				760847542312AD3000FEF859 /* Resources */,
			);
			buildRules = (
			);
			dependencies = (
			);
			name = ManoexpandableSections;
			productName = ManoexpandableSections;
			productReference = 760847562312AD3000FEF859 /* ManoexpandableSections.app */;
			productType = "com.apple.product-type.application";
		};
		760847692312AD3200FEF859 /* ManoexpandableSectionsTests */ = {
			isa = PBXNativeTarget;
			buildConfigurationList = 760847812312AD3200FEF859 /* Build configuration list for PBXNativeTarget "ManoexpandableSectionsTests" */;
			buildPhases = (
				760847662312AD3200FEF859 /* Sources */,
				760847672312AD3200FEF859 /* Frameworks */,
				760847682312AD3200FEF859 /* Resources */,
			);
			buildRules = (
			);
			dependencies = (
				7608476C2312AD3200FEF859 /* PBXTargetDependency */,
			);
			name = ManoexpandableSectionsTests;
			productName = ManoexpandableSectionsTests;
			productReference = 7608476A2312AD3200FEF859 /* ManoexpandableSectionsTests.xctest */;
			productType = "com.apple.product-type.bundle.unit-test";
		};
		760847742312AD3200FEF859 /* ManoexpandableSectionsUITests */ = {
			isa = PBXNativeTarget;
			buildConfigurationList = 760847842312AD3200FEF859 /* Build configuration list for PBXNativeTarget "ManoexpandableSectionsUITests" */;
			buildPhases = (
				760847712312AD3200FEF859 /* Sources */,
				760847722312AD3200FEF859 /* Frameworks */,
				760847732312AD3200FEF859 /* Resources */,
			);
			buildRules = (
			);
			dependencies = (
				760847772312AD3200FEF859 /* PBXTargetDependency */,
			);
			name = ManoexpandableSectionsUITests;
			productName = ManoexpandableSectionsUITests;
			productReference = 760847752312AD3200FEF859 /* ManoexpandableSectionsUITests.xctest */;
			productType = "com.apple.product-type.bundle.ui-testing";
		};
/* End PBXNativeTarget section */

/* Begin PBXProject section */
		7608474E2312AD3000FEF859 /* Project object */ = {
			isa = PBXProject;
			attributes = {
				LastSwiftUpdateCheck = 1020;
				LastUpgradeCheck = 1020;
				ORGANIZATIONNAME = Omincuris;
				TargetAttributes = {
					760847552312AD3000FEF859 = {
						CreatedOnToolsVersion = 10.2;
					};
					760847692312AD3200FEF859 = {
						CreatedOnToolsVersion = 10.2;
						TestTargetID = 760847552312AD3000FEF859;
					};
					760847742312AD3200FEF859 = {
						CreatedOnToolsVersion = 10.2;
						TestTargetID = 760847552312AD3000FEF859;
					};
				};
			};
			buildConfigurationList = 760847512312AD3000FEF859 /* Build configuration list for PBXProject "ManoexpandableSections" */;
			compatibilityVersion = "Xcode 9.3";
			developmentRegion = en;
			hasScannedForEncodings = 0;
			knownRegions = (
				en,
				Base,
			);
			mainGroup = 7608474D2312AD3000FEF859;
			productRefGroup = 760847572312AD3000FEF859 /* Products */;
			projectDirPath = "";
			projectRoot = "";
			targets = (
				760847552312AD3000FEF859 /* ManoexpandableSections */,
				760847692312AD3200FEF859 /* ManoexpandableSectionsTests */,
				760847742312AD3200FEF859 /* ManoexpandableSectionsUITests */,
			);
		};
/* End PBXProject section */

/* Begin PBXResourcesBuildPhase section */
		760847542312AD3000FEF859 /* Resources */ = {
			isa = PBXResourcesBuildPhase;
			buildActionMask = 2147483647;
			files = (
				760847642312AD3200FEF859 /* LaunchScreen.storyboard in Resources */,
				760847612312AD3200FEF859 /* Assets.xcassets in Resources */,
				7608475F2312AD3000FEF859 /* Main.storyboard in Resources */,
			);
			runOnlyForDeploymentPostprocessing = 0;
		};
		760847682312AD3200FEF859 /* Resources */ = {
			isa = PBXResourcesBuildPhase;
			buildActionMask = 2147483647;
			files = (
			);
			runOnlyForDeploymentPostprocessing = 0;
		};
		760847732312AD3200FEF859 /* Resources */ = {
			isa = PBXResourcesBuildPhase;
			buildActionMask = 2147483647;
			files = (
			);
			runOnlyForDeploymentPostprocessing = 0;
		};
/* End PBXResourcesBuildPhase section */

/* Begin PBXSourcesBuildPhase section */
		760847522312AD3000FEF859 /* Sources */ = {
			isa = PBXSourcesBuildPhase;
			buildActionMask = 2147483647;
			files = (
				7608475C2312AD3000FEF859 /* ViewController.swift in Sources */,
				7608475A2312AD3000FEF859 /* AppDelegate.swift in Sources */,
			);
			runOnlyForDeploymentPostprocessing = 0;
		};
		760847662312AD3200FEF859 /* Sources */ = {
			isa = PBXSourcesBuildPhase;
			buildActionMask = 2147483647;
			files = (
				7608476F2312AD3200FEF859 /* ManoexpandableSectionsTests.swift in Sources */,
			);
			runOnlyForDeploymentPostprocessing = 0;
		};
		760847712312AD3200FEF859 /* Sources */ = {
			isa = PBXSourcesBuildPhase;
			buildActionMask = 2147483647;
			files = (
				7608477A2312AD3200FEF859 /* ManoexpandableSectionsUITests.swift in Sources */,
			);
			runOnlyForDeploymentPostprocessing = 0;
		};
/* End PBXSourcesBuildPhase section */

/* Begin PBXTargetDependency section */
		7608476C2312AD3200FEF859 /* PBXTargetDependency */ = {
			isa = PBXTargetDependency;
			target = 760847552312AD3000FEF859 /* ManoexpandableSections */;
			targetProxy = 7608476B2312AD3200FEF859 /* PBXContainerItemProxy */;
		};
		760847772312AD3200FEF859 /* PBXTargetDependency */ = {
			isa = PBXTargetDependency;
			target = 760847552312AD3000FEF859 /* ManoexpandableSections */;
			targetProxy = 760847762312AD3200FEF859 /* PBXContainerItemProxy */;
		};
/* End PBXTargetDependency section */

/* Begin PBXVariantGroup section */
		7608475D2312AD3000FEF859 /* Main.storyboard */ = {
			isa = PBXVariantGroup;
			children = (
				7608475E2312AD3000FEF859 /* Base */,
			);
			name = Main.storyboard;
			sourceTree = "<group>";
		};
		760847622312AD3200FEF859 /* LaunchScreen.storyboard */ = {
			isa = PBXVariantGroup;
			children = (
				760847632312AD3200FEF859 /* Base */,
			);
			name = LaunchScreen.storyboard;
			sourceTree = "<group>";
		};
/* End PBXVariantGroup section */

/* Begin XCBuildConfiguration section */
		7608477C2312AD3200FEF859 /* Debug */ = {
			isa = XCBuildConfiguration;
			buildSettings = {
				ALWAYS_SEARCH_USER_PATHS = NO;
				CLANG_ANALYZER_NONNULL = YES;
				CLANG_ANALYZER_NUMBER_OBJECT_CONVERSION = YES_AGGRESSIVE;
				CLANG_CXX_LANGUAGE_STANDARD = "gnu++14";
				CLANG_CXX_LIBRARY = "libc++";
				CLANG_ENABLE_MODULES = YES;
				CLANG_ENABLE_OBJC_ARC = YES;
				CLANG_ENABLE_OBJC_WEAK = YES;
				CLANG_WARN_BLOCK_CAPTURE_AUTORELEASING = YES;
				CLANG_WARN_BOOL_CONVERSION = YES;
				CLANG_WARN_COMMA = YES;
				CLANG_WARN_CONSTANT_CONVERSION = YES;
				CLANG_WARN_DEPRECATED_OBJC_IMPLEMENTATIONS = YES;
				CLANG_WARN_DIRECT_OBJC_ISA_USAGE = YES_ERROR;
				CLANG_WARN_DOCUMENTATION_COMMENTS = YES;
				CLANG_WARN_EMPTY_BODY = YES;
				CLANG_WARN_ENUM_CONVERSION = YES;
				CLANG_WARN_INFINITE_RECURSION = YES;
				CLANG_WARN_INT_CONVERSION = YES;
				CLANG_WARN_NON_LITERAL_NULL_CONVERSION = YES;
				CLANG_WARN_OBJC_IMPLICIT_RETAIN_SELF = YES;
				CLANG_WARN_OBJC_LITERAL_CONVERSION = YES;
				CLANG_WARN_OBJC_ROOT_CLASS = YES_ERROR;
				CLANG_WARN_RANGE_LOOP_ANALYSIS = YES;
				CLANG_WARN_STRICT_PROTOTYPES = YES;
				CLANG_WARN_SUSPICIOUS_MOVE = YES;
				CLANG_WARN_UNGUARDED_AVAILABILITY = YES_AGGRESSIVE;
				CLANG_WARN_UNREACHABLE_CODE = YES;
				CLANG_WARN__DUPLICATE_METHOD_MATCH = YES;
				CODE_SIGN_IDENTITY = "iPhone Developer";
				COPY_PHASE_STRIP = NO;
				DEBUG_INFORMATION_FORMAT = dwarf;
				ENABLE_STRICT_OBJC_MSGSEND = YES;
				ENABLE_TESTABILITY = YES;
				GCC_C_LANGUAGE_STANDARD = gnu11;
				GCC_DYNAMIC_NO_PIC = NO;
				GCC_NO_COMMON_BLOCKS = YES;
				GCC_OPTIMIZATION_LEVEL = 0;
				GCC_PREPROCESSOR_DEFINITIONS = (
					"DEBUG=1",
					"$(inherited)",
				);
				GCC_WARN_64_TO_32_BIT_CONVERSION = YES;
				GCC_WARN_ABOUT_RETURN_TYPE = YES_ERROR;
				GCC_WARN_UNDECLARED_SELECTOR = YES;
				GCC_WARN_UNINITIALIZED_AUTOS = YES_AGGRESSIVE;
				GCC_WARN_UNUSED_FUNCTION = YES;
				GCC_WARN_UNUSED_VARIABLE = YES;
				IPHONEOS_DEPLOYMENT_TARGET = 12.2;
				MTL_ENABLE_DEBUG_INFO = INCLUDE_SOURCE;
				MTL_FAST_MATH = YES;
				ONLY_ACTIVE_ARCH = YES;
				SDKROOT = iphoneos;
				SWIFT_ACTIVE_COMPILATION_CONDITIONS = DEBUG;
				SWIFT_OPTIMIZATION_LEVEL = "-Onone";
			};
			name = Debug;
		};
		7608477D2312AD3200FEF859 /* Release */ = {
			isa = XCBuildConfiguration;
			buildSettings = {
				ALWAYS_SEARCH_USER_PATHS = NO;
				CLANG_ANALYZER_NONNULL = YES;
				CLANG_ANALYZER_NUMBER_OBJECT_CONVERSION = YES_AGGRESSIVE;
				CLANG_CXX_LANGUAGE_STANDARD = "gnu++14";
				CLANG_CXX_LIBRARY = "libc++";
				CLANG_ENABLE_MODULES = YES;
				CLANG_ENABLE_OBJC_ARC = YES;
				CLANG_ENABLE_OBJC_WEAK = YES;
				CLANG_WARN_BLOCK_CAPTURE_AUTORELEASING = YES;
				CLANG_WARN_BOOL_CONVERSION = YES;
				CLANG_WARN_COMMA = YES;
				CLANG_WARN_CONSTANT_CONVERSION = YES;
				CLANG_WARN_DEPRECATED_OBJC_IMPLEMENTATIONS = YES;
				CLANG_WARN_DIRECT_OBJC_ISA_USAGE = YES_ERROR;
				CLANG_WARN_DOCUMENTATION_COMMENTS = YES;
				CLANG_WARN_EMPTY_BODY = YES;
				CLANG_WARN_ENUM_CONVERSION = YES;
				CLANG_WARN_INFINITE_RECURSION = YES;
				CLANG_WARN_INT_CONVERSION = YES;
				CLANG_WARN_NON_LITERAL_NULL_CONVERSION = YES;
				CLANG_WARN_OBJC_IMPLICIT_RETAIN_SELF = YES;
				CLANG_WARN_OBJC_LITERAL_CONVERSION = YES;
				CLANG_WARN_OBJC_ROOT_CLASS = YES_ERROR;
				CLANG_WARN_RANGE_LOOP_ANALYSIS = YES;
				CLANG_WARN_STRICT_PROTOTYPES = YES;
				CLANG_WARN_SUSPICIOUS_MOVE = YES;
				CLANG_WARN_UNGUARDED_AVAILABILITY = YES_AGGRESSIVE;
				CLANG_WARN_UNREACHABLE_CODE = YES;
				CLANG_WARN__DUPLICATE_METHOD_MATCH = YES;
				CODE_SIGN_IDENTITY = "iPhone Developer";
				COPY_PHASE_STRIP = NO;
				DEBUG_INFORMATION_FORMAT = "dwarf-with-dsym";
				ENABLE_NS_ASSERTIONS = NO;
				ENABLE_STRICT_OBJC_MSGSEND = YES;
				GCC_C_LANGUAGE_STANDARD = gnu11;
				GCC_NO_COMMON_BLOCKS = YES;
				GCC_WARN_64_TO_32_BIT_CONVERSION = YES;
				GCC_WARN_ABOUT_RETURN_TYPE = YES_ERROR;
				GCC_WARN_UNDECLARED_SELECTOR = YES;
				GCC_WARN_UNINITIALIZED_AUTOS = YES_AGGRESSIVE;
				GCC_WARN_UNUSED_FUNCTION = YES;
				GCC_WARN_UNUSED_VARIABLE = YES;
				IPHONEOS_DEPLOYMENT_TARGET = 12.2;
				MTL_ENABLE_DEBUG_INFO = NO;
				MTL_FAST_MATH = YES;
				SDKROOT = iphoneos;
				SWIFT_COMPILATION_MODE = wholemodule;
				SWIFT_OPTIMIZATION_LEVEL = "-O";
				VALIDATE_PRODUCT = YES;
			};
			name = Release;
		};
		7608477F2312AD3200FEF859 /* Debug */ = {
			isa = XCBuildConfiguration;
			buildSettings = {
				ASSETCATALOG_COMPILER_APPICON_NAME = AppIcon;
				CODE_SIGN_STYLE = Automatic;
				DEVELOPMENT_TEAM = CUUA4KKRYP;
				INFOPLIST_FILE = ManoexpandableSections/Info.plist;
				LD_RUNPATH_SEARCH_PATHS = (
					"$(inherited)",
					"@executable_path/Frameworks",
				);
				PRODUCT_BUNDLE_IDENTIFIER = Omni.ManoexpandableSections;
				PRODUCT_NAME = "$(TARGET_NAME)";
				SWIFT_VERSION = 5.0;
				TARGETED_DEVICE_FAMILY = "1,2";
			};
			name = Debug;
		};
		760847802312AD3200FEF859 /* Release */ = {
			isa = XCBuildConfiguration;
			buildSettings = {
				ASSETCATALOG_COMPILER_APPICON_NAME = AppIcon;
				CODE_SIGN_STYLE = Automatic;
				DEVELOPMENT_TEAM = CUUA4KKRYP;
				INFOPLIST_FILE = ManoexpandableSections/Info.plist;
				LD_RUNPATH_SEARCH_PATHS = (
					"$(inherited)",
					"@executable_path/Frameworks",
				);
				PRODUCT_BUNDLE_IDENTIFIER = Omni.ManoexpandableSections;
				PRODUCT_NAME = "$(TARGET_NAME)";
				SWIFT_VERSION = 5.0;
				TARGETED_DEVICE_FAMILY = "1,2";
			};
			name = Release;
		};
		760847822312AD3200FEF859 /* Debug */ = {
			isa = XCBuildConfiguration;
			buildSettings = {
				ALWAYS_EMBED_SWIFT_STANDARD_LIBRARIES = YES;
				BUNDLE_LOADER = "$(TEST_HOST)";
				CODE_SIGN_STYLE = Automatic;
				DEVELOPMENT_TEAM = CUUA4KKRYP;
				INFOPLIST_FILE = ManoexpandableSectionsTests/Info.plist;
				LD_RUNPATH_SEARCH_PATHS = (
					"$(inherited)",
					"@executable_path/Frameworks",
					"@loader_path/Frameworks",
				);
				PRODUCT_BUNDLE_IDENTIFIER = Omni.ManoexpandableSectionsTests;
				PRODUCT_NAME = "$(TARGET_NAME)";
				SWIFT_VERSION = 5.0;
				TARGETED_DEVICE_FAMILY = "1,2";
				TEST_HOST = "$(BUILT_PRODUCTS_DIR)/ManoexpandableSections.app/ManoexpandableSections";
			};
			name = Debug;
		};
		760847832312AD3200FEF859 /* Release */ = {
			isa = XCBuildConfiguration;
			buildSettings = {
				ALWAYS_EMBED_SWIFT_STANDARD_LIBRARIES = YES;
				BUNDLE_LOADER = "$(TEST_HOST)";
				CODE_SIGN_STYLE = Automatic;
				DEVELOPMENT_TEAM = CUUA4KKRYP;
				INFOPLIST_FILE = ManoexpandableSectionsTests/Info.plist;
				LD_RUNPATH_SEARCH_PATHS = (
					"$(inherited)",
					"@executable_path/Frameworks",
					"@loader_path/Frameworks",
				);
				PRODUCT_BUNDLE_IDENTIFIER = Omni.ManoexpandableSectionsTests;
				PRODUCT_NAME = "$(TARGET_NAME)";
				SWIFT_VERSION = 5.0;
				TARGETED_DEVICE_FAMILY = "1,2";
				TEST_HOST = "$(BUILT_PRODUCTS_DIR)/ManoexpandableSections.app/ManoexpandableSections";
			};
			name = Release;
		};
		760847852312AD3200FEF859 /* Debug */ = {
			isa = XCBuildConfiguration;
			buildSettings = {
				ALWAYS_EMBED_SWIFT_STANDARD_LIBRARIES = YES;
				CODE_SIGN_STYLE = Automatic;
				DEVELOPMENT_TEAM = CUUA4KKRYP;
				INFOPLIST_FILE = ManoexpandableSectionsUITests/Info.plist;
				LD_RUNPATH_SEARCH_PATHS = (
					"$(inherited)",
					"@executable_path/Frameworks",
					"@loader_path/Frameworks",
				);
				PRODUCT_BUNDLE_IDENTIFIER = Omni.ManoexpandableSectionsUITests;
				PRODUCT_NAME = "$(TARGET_NAME)";
				SWIFT_VERSION = 5.0;
				TARGETED_DEVICE_FAMILY = "1,2";
				TEST_TARGET_NAME = ManoexpandableSections;
			};
			name = Debug;
		};
		760847862312AD3200FEF859 /* Release */ = {
			isa = XCBuildConfiguration;
			buildSettings = {
				ALWAYS_EMBED_SWIFT_STANDARD_LIBRARIES = YES;
				CODE_SIGN_STYLE = Automatic;
				DEVELOPMENT_TEAM = CUUA4KKRYP;
				INFOPLIST_FILE = ManoexpandableSectionsUITests/Info.plist;
				LD_RUNPATH_SEARCH_PATHS = (
					"$(inherited)",
					"@executable_path/Frameworks",
					"@loader_path/Frameworks",
				);
				PRODUCT_BUNDLE_IDENTIFIER = Omni.ManoexpandableSectionsUITests;
				PRODUCT_NAME = "$(TARGET_NAME)";
				SWIFT_VERSION = 5.0;
				TARGETED_DEVICE_FAMILY = "1,2";
				TEST_TARGET_NAME = ManoexpandableSections;
			};
			name = Release;
		};
/* End XCBuildConfiguration section */

/* Begin XCConfigurationList section */
		760847512312AD3000FEF859 /* Build configuration list for PBXProject "ManoexpandableSections" */ = {
			isa = XCConfigurationList;
			buildConfigurations = (
				7608477C2312AD3200FEF859 /* Debug */,
				7608477D2312AD3200FEF859 /* Release */,
			);
			defaultConfigurationIsVisible = 0;
			defaultConfigurationName = Release;
		};
		7608477E2312AD3200FEF859 /* Build configuration list for PBXNativeTarget "ManoexpandableSections" */ = {
			isa = XCConfigurationList;
			buildConfigurations = (
				7608477F2312AD3200FEF859 /* Debug */,
				760847802312AD3200FEF859 /* Release */,
			);
			defaultConfigurationIsVisible = 0;
			defaultConfigurationName = Release;
		};
		760847812312AD3200FEF859 /* Build configuration list for PBXNativeTarget "ManoexpandableSectionsTests" */ = {
			isa = XCConfigurationList;
			buildConfigurations = (
				760847822312AD3200FEF859 /* Debug */,
				760847832312AD3200FEF859 /* Release */,
			);
			defaultConfigurationIsVisible = 0;
			defaultConfigurationName = Release;
		};
		760847842312AD3200FEF859 /* Build configuration list for PBXNativeTarget "ManoexpandableSectionsUITests" */ = {
			isa = XCConfigurationList;
			buildConfigurations = (
				760847852312AD3200FEF859 /* Debug */,
				760847862312AD3200FEF859 /* Release */,
			);
			defaultConfigurationIsVisible = 0;
			defaultConfigurationName = Release;
		};
/* End XCConfigurationList section */
	};
	rootObject = 7608474E2312AD3000FEF859 /* Project object */;
}
